
Microsoft Visual Studio Solution File, Format Version 12.00
# Visual Studio Version 17
VisualStudioVersion = 17.11.35327.3
MinimumVisualStudioVersion = 10.0.40219.1
Project("{FAE04EC0-301F-11D3-BF4B-00C04F79EFBC}") = "ex.01", "ex.01\ex.01.csproj", "{302F678D-42F1-445B-BAA3-72BA0E77FE70}"
EndProject
Global
	GlobalSection(SolutionConfigurationPlatforms) = preSolution
		Debug|Any CPU = Debug|Any CPU
		Release|Any CPU = Release|Any CPU
	EndGlobalSection
	GlobalSection(ProjectConfigurationPlatforms) = postSolution
		{302F678D-42F1-445B-BAA3-72BA0E77FE70}.Debug|Any CPU.ActiveCfg = Debug|Any CPU
		{302F678D-42F1-445B-BAA3-72BA0E77FE70}.Debug|Any CPU.Build.0 = Debug|Any CPU
		{302F678D-42F1-445B-BAA3-72BA0E77FE70}.Release|Any CPU.ActiveCfg = Release|Any CPU
		{302F678D-42F1-445B-BAA3-72BA0E77FE70}.Release|Any CPU.Build.0 = Release|Any CPU
	EndGlobalSection
	GlobalSection(SolutionProperties) = preSolution
		HideSolutionNode = FALSE
	EndGlobalSection
	GlobalSection(ExtensibilityGlobals) = postSolution
		SolutionGuid = {6A88FC77-0DFF-4F35-A57A-B17326549CD1}
	EndGlobalSection
EndGlobal
